
Microsoft Visual Studio Solution File, Format Version 12.00
# Visual Studio 2013
VisualStudioVersion = 12.0.40629.0
MinimumVisualStudioVersion = 10.0.40219.1
Project("{FAE04EC0-301F-11D3-BF4B-00C04F79EFBC}") = "WinFormTagsEditor", "WinFormTagsEditor\WinFormTagsEditor.csproj", "{792D9AA8-20D9-436B-8B7B-26C2F6123C11}"
EndProject
Project("{FAE04EC0-301F-11D3-BF4B-00C04F79EFBC}") = "WinFormTest", "WinFormTest\WinFormTest.csproj", "{D4E84462-E12D-4209-A1CC-8EFD5C9B643E}"
EndProject
Project("{2150E333-8FDC-42A3-9474-1A3956D46DE8}") = "Solution Items", "Solution Items", "{69BBA158-1982-4FD5-9B14-6850C01F8F8F}"
	ProjectSection(SolutionItems) = preProject
		README.md = README.md
		Rebracer.xml = Rebracer.xml
	EndProjectSection
EndProject
Global
	GlobalSection(SolutionConfigurationPlatforms) = preSolution
		Debug|Any CPU = Debug|Any CPU
		Release|Any CPU = Release|Any CPU
	EndGlobalSection
	GlobalSection(ProjectConfigurationPlatforms) = postSolution
		{792D9AA8-20D9-436B-8B7B-26C2F6123C11}.Debug|Any CPU.ActiveCfg = Debug|Any CPU
		{792D9AA8-20D9-436B-8B7B-26C2F6123C11}.Debug|Any CPU.Build.0 = Debug|Any CPU
		{792D9AA8-20D9-436B-8B7B-26C2F6123C11}.Release|Any CPU.ActiveCfg = Release|Any CPU
		{792D9AA8-20D9-436B-8B7B-26C2F6123C11}.Release|Any CPU.Build.0 = Release|Any CPU
		{D4E84462-E12D-4209-A1CC-8EFD5C9B643E}.Debug|Any CPU.ActiveCfg = Debug|Any CPU
		{D4E84462-E12D-4209-A1CC-8EFD5C9B643E}.Debug|Any CPU.Build.0 = Debug|Any CPU
		{D4E84462-E12D-4209-A1CC-8EFD5C9B643E}.Release|Any CPU.ActiveCfg = Release|Any CPU
		{D4E84462-E12D-4209-A1CC-8EFD5C9B643E}.Release|Any CPU.Build.0 = Release|Any CPU
	EndGlobalSection
	GlobalSection(SolutionProperties) = preSolution
		HideSolutionNode = FALSE
	EndGlobalSection
EndGlobal
